
Microsoft Visual Studio Solution File, Format Version 12.00
# Visual Studio Version 17
VisualStudioVersion = 17.4.33403.182
MinimumVisualStudioVersion = 10.0.40219.1
Project("{FAE04EC0-301F-11D3-BF4B-00C04F79EFBC}") = "cv11", "cv11\cv11.csproj", "{E87740C9-4A18-4307-9494-A01A5B4835CD}"
EndProject
Global
	GlobalSection(SolutionConfigurationPlatforms) = preSolution
		Debug|Any CPU = Debug|Any CPU
		Release|Any CPU = Release|Any CPU
	EndGlobalSection
	GlobalSection(ProjectConfigurationPlatforms) = postSolution
		{E87740C9-4A18-4307-9494-A01A5B4835CD}.Debug|Any CPU.ActiveCfg = Debug|Any CPU
		{E87740C9-4A18-4307-9494-A01A5B4835CD}.Debug|Any CPU.Build.0 = Debug|Any CPU
		{E87740C9-4A18-4307-9494-A01A5B4835CD}.Release|Any CPU.ActiveCfg = Release|Any CPU
		{E87740C9-4A18-4307-9494-A01A5B4835CD}.Release|Any CPU.Build.0 = Release|Any CPU
	EndGlobalSection
	GlobalSection(SolutionProperties) = preSolution
		HideSolutionNode = FALSE
	EndGlobalSection
	GlobalSection(ExtensibilityGlobals) = postSolution
		SolutionGuid = {2686BCF1-7C47-453A-BF84-2B72BA74B6CA}
	EndGlobalSection
EndGlobal
